
Microsoft Visual Studio Solution File, Format Version 12.00
# Visual Studio Version 16
VisualStudioVersion = 16.0.28803.156
MinimumVisualStudioVersion = 10.0.40219.1
Project("{2150E333-8FDC-42A3-9474-1A3956D46DE8}") = "src", "src", "{1CD43B98-B7C4-4909-8461-FD8268B01D6A}"
EndProject
Project("{2150E333-8FDC-42A3-9474-1A3956D46DE8}") = "Solution Items", "Solution Items", "{1203CD6D-427E-478F-B4E0-3323EB1A7D45}"
	ProjectSection(SolutionItems) = preProject
		.gitignore = .gitignore
		README.md = README.md
	EndProjectSection
EndProject
Project("{9A19103F-16F7-4668-BE54-9A1E7A4F7556}") = "DevPortal", "src\DevPortal\DevPortal.csproj", "{2E87BE19-2A67-4213-9D5D-959D5C6EDD7D}"
EndProject
Project("{9A19103F-16F7-4668-BE54-9A1E7A4F7556}") = "CommandStack", "src\CommandStack\CommandStack.csproj", "{1F5E0A0E-8541-4510-B27E-20C81F01D73F}"
EndProject
Project("{9A19103F-16F7-4668-BE54-9A1E7A4F7556}") = "CommandStack.Tests", "tests\CommandStack.Tests\CommandStack.Tests.csproj", "{C59615B7-C8C1-494E-B109-3B3B450F8227}"
EndProject
Project("{2150E333-8FDC-42A3-9474-1A3956D46DE8}") = "tests", "tests", "{F6B36077-2A65-4BCF-B58A-ADA5BD403F40}"
EndProject
Project("{9A19103F-16F7-4668-BE54-9A1E7A4F7556}") = "DevPortal.Tests", "tests\DevPortal.Tests\DevPortal.Tests.csproj", "{95ADD828-53BA-44BF-B4E5-A8B55E4F2968}"
EndProject
Project("{9A19103F-16F7-4668-BE54-9A1E7A4F7556}") = "QueryStack", "src\QueryStack\QueryStack.csproj", "{FAC18C9B-4635-42C8-861A-A6F27BCA466B}"
EndProject
Project("{9A19103F-16F7-4668-BE54-9A1E7A4F7556}") = "DesignTimeData", "src\SampleData\DesignTimeData.csproj", "{0331A4B9-C798-4E4B-91BA-1857EE07A2EB}"
EndProject
Project("{9A19103F-16F7-4668-BE54-9A1E7A4F7556}") = "DevPortal.IntegrationTests", "tests\DevPortal.IntegrationTests\DevPortal.IntegrationTests.csproj", "{51819B1A-B507-42B8-BC41-3A91A943AFE0}"
EndProject
Project("{FAE04EC0-301F-11D3-BF4B-00C04F79EFBC}") = "Migration.Crawler", "src\Migration.Crawler\Migration.Crawler.csproj", "{2E81A19A-B522-4E28-B076-D20B66B18B49}"
EndProject
Global
	GlobalSection(SolutionConfigurationPlatforms) = preSolution
		Debug|Any CPU = Debug|Any CPU
		Release|Any CPU = Release|Any CPU
	EndGlobalSection
	GlobalSection(ProjectConfigurationPlatforms) = postSolution
		{2E87BE19-2A67-4213-9D5D-959D5C6EDD7D}.Debug|Any CPU.ActiveCfg = Debug|Any CPU
		{2E87BE19-2A67-4213-9D5D-959D5C6EDD7D}.Debug|Any CPU.Build.0 = Debug|Any CPU
		{2E87BE19-2A67-4213-9D5D-959D5C6EDD7D}.Release|Any CPU.ActiveCfg = Release|Any CPU
		{2E87BE19-2A67-4213-9D5D-959D5C6EDD7D}.Release|Any CPU.Build.0 = Release|Any CPU
		{1F5E0A0E-8541-4510-B27E-20C81F01D73F}.Debug|Any CPU.ActiveCfg = Debug|Any CPU
		{1F5E0A0E-8541-4510-B27E-20C81F01D73F}.Debug|Any CPU.Build.0 = Debug|Any CPU
		{1F5E0A0E-8541-4510-B27E-20C81F01D73F}.Release|Any CPU.ActiveCfg = Release|Any CPU
		{1F5E0A0E-8541-4510-B27E-20C81F01D73F}.Release|Any CPU.Build.0 = Release|Any CPU
		{C59615B7-C8C1-494E-B109-3B3B450F8227}.Debug|Any CPU.ActiveCfg = Debug|Any CPU
		{C59615B7-C8C1-494E-B109-3B3B450F8227}.Debug|Any CPU.Build.0 = Debug|Any CPU
		{C59615B7-C8C1-494E-B109-3B3B450F8227}.Release|Any CPU.ActiveCfg = Release|Any CPU
		{C59615B7-C8C1-494E-B109-3B3B450F8227}.Release|Any CPU.Build.0 = Release|Any CPU
		{95ADD828-53BA-44BF-B4E5-A8B55E4F2968}.Debug|Any CPU.ActiveCfg = Debug|Any CPU
		{95ADD828-53BA-44BF-B4E5-A8B55E4F2968}.Debug|Any CPU.Build.0 = Debug|Any CPU
		{95ADD828-53BA-44BF-B4E5-A8B55E4F2968}.Release|Any CPU.ActiveCfg = Release|Any CPU
		{95ADD828-53BA-44BF-B4E5-A8B55E4F2968}.Release|Any CPU.Build.0 = Release|Any CPU
		{FAC18C9B-4635-42C8-861A-A6F27BCA466B}.Debug|Any CPU.ActiveCfg = Debug|Any CPU
		{FAC18C9B-4635-42C8-861A-A6F27BCA466B}.Debug|Any CPU.Build.0 = Debug|Any CPU
		{FAC18C9B-4635-42C8-861A-A6F27BCA466B}.Release|Any CPU.ActiveCfg = Release|Any CPU
		{FAC18C9B-4635-42C8-861A-A6F27BCA466B}.Release|Any CPU.Build.0 = Release|Any CPU
		{0331A4B9-C798-4E4B-91BA-1857EE07A2EB}.Debug|Any CPU.ActiveCfg = Debug|Any CPU
		{0331A4B9-C798-4E4B-91BA-1857EE07A2EB}.Debug|Any CPU.Build.0 = Debug|Any CPU
		{0331A4B9-C798-4E4B-91BA-1857EE07A2EB}.Release|Any CPU.ActiveCfg = Release|Any CPU
		{0331A4B9-C798-4E4B-91BA-1857EE07A2EB}.Release|Any CPU.Build.0 = Release|Any CPU
		{51819B1A-B507-42B8-BC41-3A91A943AFE0}.Debug|Any CPU.ActiveCfg = Debug|Any CPU
		{51819B1A-B507-42B8-BC41-3A91A943AFE0}.Debug|Any CPU.Build.0 = Debug|Any CPU
		{51819B1A-B507-42B8-BC41-3A91A943AFE0}.Release|Any CPU.ActiveCfg = Release|Any CPU
		{51819B1A-B507-42B8-BC41-3A91A943AFE0}.Release|Any CPU.Build.0 = Release|Any CPU
		{2E81A19A-B522-4E28-B076-D20B66B18B49}.Debug|Any CPU.ActiveCfg = Debug|Any CPU
		{2E81A19A-B522-4E28-B076-D20B66B18B49}.Debug|Any CPU.Build.0 = Debug|Any CPU
		{2E81A19A-B522-4E28-B076-D20B66B18B49}.Release|Any CPU.ActiveCfg = Release|Any CPU
		{2E81A19A-B522-4E28-B076-D20B66B18B49}.Release|Any CPU.Build.0 = Release|Any CPU
	EndGlobalSection
	GlobalSection(SolutionProperties) = preSolution
		HideSolutionNode = FALSE
	EndGlobalSection
	GlobalSection(NestedProjects) = preSolution
		{2E87BE19-2A67-4213-9D5D-959D5C6EDD7D} = {1CD43B98-B7C4-4909-8461-FD8268B01D6A}
		{1F5E0A0E-8541-4510-B27E-20C81F01D73F} = {1CD43B98-B7C4-4909-8461-FD8268B01D6A}
		{C59615B7-C8C1-494E-B109-3B3B450F8227} = {F6B36077-2A65-4BCF-B58A-ADA5BD403F40}
		{95ADD828-53BA-44BF-B4E5-A8B55E4F2968} = {F6B36077-2A65-4BCF-B58A-ADA5BD403F40}
		{FAC18C9B-4635-42C8-861A-A6F27BCA466B} = {1CD43B98-B7C4-4909-8461-FD8268B01D6A}
		{51819B1A-B507-42B8-BC41-3A91A943AFE0} = {F6B36077-2A65-4BCF-B58A-ADA5BD403F40}
		{2E81A19A-B522-4E28-B076-D20B66B18B49} = {1CD43B98-B7C4-4909-8461-FD8268B01D6A}
	EndGlobalSection
	GlobalSection(ExtensibilityGlobals) = postSolution
		SolutionGuid = {ADE98080-6EDD-48D1-AAD7-DA61EDC2DEE4}
	EndGlobalSection
EndGlobal
